
Microsoft Visual Studio Solution File, Format Version 12.00
Project("{FAE04EC0-301F-11D3-BF4B-00C04F79EFBC}") = "FizzBuzz", "FizzBuzz\FizzBuzz.csproj", "{BF340127-6AE4-4199-86CC-77FF40F5C094}"
EndProject
Global
	GlobalSection(SolutionConfigurationPlatforms) = preSolution
		Debug|Any CPU = Debug|Any CPU
		Release|Any CPU = Release|Any CPU
	EndGlobalSection
	GlobalSection(ProjectConfigurationPlatforms) = postSolution
		{BF340127-6AE4-4199-86CC-77FF40F5C094}.Debug|Any CPU.ActiveCfg = Debug|Any CPU
		{BF340127-6AE4-4199-86CC-77FF40F5C094}.Debug|Any CPU.Build.0 = Debug|Any CPU
		{BF340127-6AE4-4199-86CC-77FF40F5C094}.Release|Any CPU.ActiveCfg = Release|Any CPU
		{BF340127-6AE4-4199-86CC-77FF40F5C094}.Release|Any CPU.Build.0 = Release|Any CPU
	EndGlobalSection
EndGlobal
